{
  "name": "Heroicons.Net",
  "version": "1.0.0",
  "lockfileVersion": 2,
  "requires": true,
  "packages": {
    "": {
      "name": "Heroicons.Net",
      "version": "1.0.0",
      "license": "MIT",
      "devDependencies": {
        "heroicons": "^2.1.3"
      }
    },
    "node_modules/heroicons": {
      "version": "2.1.3",
      "resolved": "https://registry.npmjs.org/heroicons/-/heroicons-2.1.3.tgz",
      "integrity": "sha512-Fom8AaUho83oeGPCne9oo1F6A+2r4BPmY59qOkML4LIu+xQNS/yv8OmcrxCuiVs7X42oTRAnFbOJHGDwIlI8HA==",
      "dev": true
    }
  },
  "dependencies": {
    "heroicons": {
      "version": "2.1.3",
      "resolved": "https://registry.npmjs.org/heroicons/-/heroicons-2.1.3.tgz",
      "integrity": "sha512-Fom8AaUho83oeGPCne9oo1F6A+2r4BPmY59qOkML4LIu+xQNS/yv8OmcrxCuiVs7X42oTRAnFbOJHGDwIlI8HA==",
      "dev": true
    }
  }
}
