{
  "name": "Heroicons.Net",
  "version": "1.0.0",
  "lockfileVersion": 2,
  "requires": true,
  "packages": {
    "": {
      "name": "Heroicons.Net",
      "version": "1.0.0",
      "license": "MIT",
      "devDependencies": {
        "heroicons": "^2.0.17"
      }
    },
    "node_modules/heroicons": {
      "version": "2.0.17",
      "resolved": "https://registry.npmjs.org/heroicons/-/heroicons-2.0.17.tgz",
      "integrity": "sha512-9d5HE+YwwBkzDAIwt3x9O4bPmv5UGKrvqP4D/wwMaaKunPQkoI6FQjWXuXZNKGNieW/1+r1nf40bydEIi76jjw==",
      "dev": true
    }
  },
  "dependencies": {
    "heroicons": {
      "version": "2.0.17",
      "resolved": "https://registry.npmjs.org/heroicons/-/heroicons-2.0.17.tgz",
      "integrity": "sha512-9d5HE+YwwBkzDAIwt3x9O4bPmv5UGKrvqP4D/wwMaaKunPQkoI6FQjWXuXZNKGNieW/1+r1nf40bydEIi76jjw==",
      "dev": true
    }
  }
}
