{
  "name": "Heroicons.Net",
  "version": "1.0.0",
  "lockfileVersion": 2,
  "requires": true,
  "packages": {
    "": {
      "name": "Heroicons.Net",
      "version": "1.0.0",
      "license": "MIT",
      "devDependencies": {
        "heroicons": "^2.0.14"
      }
    },
    "node_modules/heroicons": {
      "version": "2.0.14",
      "resolved": "https://registry.npmjs.org/heroicons/-/heroicons-2.0.14.tgz",
      "integrity": "sha512-c0783w9OG/5SDsR5+cbTys5XnYEjPeqCs3w76HekZAA4VWjzLBq5nniGaZIcL6OqN42gseDiXAsd5ugNcKX+IQ==",
      "dev": true
    }
  },
  "dependencies": {
    "heroicons": {
      "version": "2.0.14",
      "resolved": "https://registry.npmjs.org/heroicons/-/heroicons-2.0.14.tgz",
      "integrity": "sha512-c0783w9OG/5SDsR5+cbTys5XnYEjPeqCs3w76HekZAA4VWjzLBq5nniGaZIcL6OqN42gseDiXAsd5ugNcKX+IQ==",
      "dev": true
    }
  }
}
