{
  "name": "Heroicons.Net",
  "version": "1.0.0",
  "lockfileVersion": 2,
  "requires": true,
  "packages": {
    "": {
      "name": "Heroicons.Net",
      "version": "1.0.0",
      "license": "MIT",
      "devDependencies": {
        "heroicons": "^2.0.15"
      }
    },
    "node_modules/heroicons": {
      "version": "2.0.15",
      "resolved": "https://registry.npmjs.org/heroicons/-/heroicons-2.0.15.tgz",
      "integrity": "sha512-E/BCn1Ps0D+Rz33qRponkX9odaS5C9XWwj28brOeQcHc67ix8vtJ6afkM6ydeloKNUnqvQbRcX0QhPTGx0Ev9g==",
      "dev": true
    }
  },
  "dependencies": {
    "heroicons": {
      "version": "2.0.15",
      "resolved": "https://registry.npmjs.org/heroicons/-/heroicons-2.0.15.tgz",
      "integrity": "sha512-E/BCn1Ps0D+Rz33qRponkX9odaS5C9XWwj28brOeQcHc67ix8vtJ6afkM6ydeloKNUnqvQbRcX0QhPTGx0Ev9g==",
      "dev": true
    }
  }
}
