# THIS IS AN AUTOGENERATED FILE. DO NOT EDIT THIS FILE DIRECTLY.
# yarn lockfile v1


heroicons@^1.0.6:
  version "1.0.6"
  resolved "https://registry.yarnpkg.com/heroicons/-/heroicons-1.0.6.tgz#1c2b2e0935a46516c3513afacfcaea71f0b68dd7"
  integrity sha512-5bxTsG2hyNBF0l+BrFlZlR5YngQNMfl0ggJjIRkMSADBQbaZMoTg47OIQzq6f1mpEZ85HEIgSC4wt5AeFM9J2Q==
