# THIS IS AN AUTOGENERATED FILE. DO NOT EDIT THIS FILE DIRECTLY.
# yarn lockfile v1


heroicons@^1.0.5:
  version "1.0.5"
  resolved "https://pkgs.dev.azure.com/oriflame/_packaging/node/npm/registry/heroicons/-/heroicons-1.0.5.tgz#75c8bc02ecd707d93dc86f4a058569ee24ecfe6c"
  integrity sha1-dci8AuzXB9k9yG9KBYVp7iTs/mw=
